
Microsoft Visual Studio Solution File, Format Version 12.00
# Visual Studio Version 17
VisualStudioVersion = 17.13.35825.156
MinimumVisualStudioVersion = 10.0.40219.1
Project("{FAE04EC0-301F-11D3-BF4B-00C04F79EFBC}") = "Presentacion", "Presentacion\Presentacion.csproj", "{F177AF48-82F4-4091-94D9-812253D9D0CE}"
EndProject
Project("{FAE04EC0-301F-11D3-BF4B-00C04F79EFBC}") = "ENTITY", "ENTITY\ENTITY.csproj", "{46A95CB3-4542-487D-BD09-9F59ACA3FA99}"
EndProject
Project("{FAE04EC0-301F-11D3-BF4B-00C04F79EFBC}") = "BLL", "BLL\BLL.csproj", "{7D1DE0F9-4EB6-4BF4-BB2B-5F1264315E98}"
EndProject
Project("{FAE04EC0-301F-11D3-BF4B-00C04F79EFBC}") = "DAL", "DAL\DAL.csproj", "{831A19B5-0B99-43D2-917F-B8F4FDCD099E}"
EndProject
Project("{FAE04EC0-301F-11D3-BF4B-00C04F79EFBC}") = "Prueba", "Prueba\Prueba.csproj", "{1D7BD675-2EEB-4AB4-B2D9-27BAF4DA2F02}"
EndProject
Project("{FAE04EC0-301F-11D3-BF4B-00C04F79EFBC}") = "GUI", "GUI\GUI.csproj", "{4F995B63-45B5-439F-906C-8BC2840DFA21}"
EndProject
Project("{FAE04EC0-301F-11D3-BF4B-00C04F79EFBC}") = "GUI_PRUEBA", "GUI_PRUEBA\GUI_PRUEBA.csproj", "{251F5B42-D8AB-4543-8C72-B8AD35CDD21B}"
EndProject
Project("{FAE04EC0-301F-11D3-BF4B-00C04F79EFBC}") = "GUI_05", "GUI_05\GUI_05.csproj", "{CA5DE244-AEA7-4E5E-9857-E8C73C342641}"
EndProject
Project("{FAE04EC0-301F-11D3-BF4B-00C04F79EFBC}") = "DATOS", "DATOS\DATOS.csproj", "{B7C1077E-CC5F-4F99-A3D6-0EEFE1D4DDC1}"
EndProject
Global
	GlobalSection(SolutionConfigurationPlatforms) = preSolution
		Debug|Any CPU = Debug|Any CPU
		Release|Any CPU = Release|Any CPU
	EndGlobalSection
	GlobalSection(ProjectConfigurationPlatforms) = postSolution
		{F177AF48-82F4-4091-94D9-812253D9D0CE}.Debug|Any CPU.ActiveCfg = Debug|Any CPU
		{F177AF48-82F4-4091-94D9-812253D9D0CE}.Debug|Any CPU.Build.0 = Debug|Any CPU
		{F177AF48-82F4-4091-94D9-812253D9D0CE}.Release|Any CPU.ActiveCfg = Release|Any CPU
		{F177AF48-82F4-4091-94D9-812253D9D0CE}.Release|Any CPU.Build.0 = Release|Any CPU
		{46A95CB3-4542-487D-BD09-9F59ACA3FA99}.Debug|Any CPU.ActiveCfg = Debug|Any CPU
		{46A95CB3-4542-487D-BD09-9F59ACA3FA99}.Debug|Any CPU.Build.0 = Debug|Any CPU
		{46A95CB3-4542-487D-BD09-9F59ACA3FA99}.Release|Any CPU.ActiveCfg = Release|Any CPU
		{46A95CB3-4542-487D-BD09-9F59ACA3FA99}.Release|Any CPU.Build.0 = Release|Any CPU
		{7D1DE0F9-4EB6-4BF4-BB2B-5F1264315E98}.Debug|Any CPU.ActiveCfg = Debug|Any CPU
		{7D1DE0F9-4EB6-4BF4-BB2B-5F1264315E98}.Debug|Any CPU.Build.0 = Debug|Any CPU
		{7D1DE0F9-4EB6-4BF4-BB2B-5F1264315E98}.Release|Any CPU.ActiveCfg = Release|Any CPU
		{7D1DE0F9-4EB6-4BF4-BB2B-5F1264315E98}.Release|Any CPU.Build.0 = Release|Any CPU
		{831A19B5-0B99-43D2-917F-B8F4FDCD099E}.Debug|Any CPU.ActiveCfg = Debug|Any CPU
		{831A19B5-0B99-43D2-917F-B8F4FDCD099E}.Debug|Any CPU.Build.0 = Debug|Any CPU
		{831A19B5-0B99-43D2-917F-B8F4FDCD099E}.Release|Any CPU.ActiveCfg = Release|Any CPU
		{831A19B5-0B99-43D2-917F-B8F4FDCD099E}.Release|Any CPU.Build.0 = Release|Any CPU
		{1D7BD675-2EEB-4AB4-B2D9-27BAF4DA2F02}.Debug|Any CPU.ActiveCfg = Debug|Any CPU
		{1D7BD675-2EEB-4AB4-B2D9-27BAF4DA2F02}.Debug|Any CPU.Build.0 = Debug|Any CPU
		{1D7BD675-2EEB-4AB4-B2D9-27BAF4DA2F02}.Release|Any CPU.ActiveCfg = Release|Any CPU
		{1D7BD675-2EEB-4AB4-B2D9-27BAF4DA2F02}.Release|Any CPU.Build.0 = Release|Any CPU
		{4F995B63-45B5-439F-906C-8BC2840DFA21}.Debug|Any CPU.ActiveCfg = Debug|Any CPU
		{4F995B63-45B5-439F-906C-8BC2840DFA21}.Debug|Any CPU.Build.0 = Debug|Any CPU
		{4F995B63-45B5-439F-906C-8BC2840DFA21}.Release|Any CPU.ActiveCfg = Release|Any CPU
		{4F995B63-45B5-439F-906C-8BC2840DFA21}.Release|Any CPU.Build.0 = Release|Any CPU
		{251F5B42-D8AB-4543-8C72-B8AD35CDD21B}.Debug|Any CPU.ActiveCfg = Debug|Any CPU
		{251F5B42-D8AB-4543-8C72-B8AD35CDD21B}.Debug|Any CPU.Build.0 = Debug|Any CPU
		{251F5B42-D8AB-4543-8C72-B8AD35CDD21B}.Release|Any CPU.ActiveCfg = Release|Any CPU
		{251F5B42-D8AB-4543-8C72-B8AD35CDD21B}.Release|Any CPU.Build.0 = Release|Any CPU
		{CA5DE244-AEA7-4E5E-9857-E8C73C342641}.Debug|Any CPU.ActiveCfg = Debug|Any CPU
		{CA5DE244-AEA7-4E5E-9857-E8C73C342641}.Debug|Any CPU.Build.0 = Debug|Any CPU
		{CA5DE244-AEA7-4E5E-9857-E8C73C342641}.Release|Any CPU.ActiveCfg = Release|Any CPU
		{CA5DE244-AEA7-4E5E-9857-E8C73C342641}.Release|Any CPU.Build.0 = Release|Any CPU
		{B7C1077E-CC5F-4F99-A3D6-0EEFE1D4DDC1}.Debug|Any CPU.ActiveCfg = Debug|Any CPU
		{B7C1077E-CC5F-4F99-A3D6-0EEFE1D4DDC1}.Debug|Any CPU.Build.0 = Debug|Any CPU
		{B7C1077E-CC5F-4F99-A3D6-0EEFE1D4DDC1}.Release|Any CPU.ActiveCfg = Release|Any CPU
		{B7C1077E-CC5F-4F99-A3D6-0EEFE1D4DDC1}.Release|Any CPU.Build.0 = Release|Any CPU
	EndGlobalSection
	GlobalSection(SolutionProperties) = preSolution
		HideSolutionNode = FALSE
	EndGlobalSection
	GlobalSection(ExtensibilityGlobals) = postSolution
		SolutionGuid = {2EDF5DD8-D04F-411A-8287-926FE4367B1B}
	EndGlobalSection
EndGlobal
